
Microsoft Visual Studio Solution File, Format Version 12.00
# Visual Studio Version 16
VisualStudioVersion = 16.0.31702.278
MinimumVisualStudioVersion = 10.0.40219.1
Project("{FAE04EC0-301F-11D3-BF4B-00C04F79EFBC}") = "Queue", "Queue\Queue.csproj", "{AE7B8428-2AC0-4B24-A539-B7E2E2B460FE}"
EndProject
Global
	GlobalSection(SolutionConfigurationPlatforms) = preSolution
		Debug|Any CPU = Debug|Any CPU
		Release|Any CPU = Release|Any CPU
	EndGlobalSection
	GlobalSection(ProjectConfigurationPlatforms) = postSolution
		{AE7B8428-2AC0-4B24-A539-B7E2E2B460FE}.Debug|Any CPU.ActiveCfg = Debug|Any CPU
		{AE7B8428-2AC0-4B24-A539-B7E2E2B460FE}.Debug|Any CPU.Build.0 = Debug|Any CPU
		{AE7B8428-2AC0-4B24-A539-B7E2E2B460FE}.Release|Any CPU.ActiveCfg = Release|Any CPU
		{AE7B8428-2AC0-4B24-A539-B7E2E2B460FE}.Release|Any CPU.Build.0 = Release|Any CPU
	EndGlobalSection
	GlobalSection(SolutionProperties) = preSolution
		HideSolutionNode = FALSE
	EndGlobalSection
	GlobalSection(ExtensibilityGlobals) = postSolution
		SolutionGuid = {41C303E4-5B64-435B-AE6E-6CDCB60E4785}
	EndGlobalSection
EndGlobal
